
Microsoft Visual Studio Solution File, Format Version 12.00
# Visual Studio Version 17
VisualStudioVersion = 17.13.35919.96 d17.13
MinimumVisualStudioVersion = 10.0.40219.1
Project("{FAE04EC0-301F-11D3-BF4B-00C04F79EFBC}") = "AnotherAPIPoject", "AnotherAPIPoject.csproj", "{623F166C-EB5D-44B3-BF07-32D203F7A514}"
EndProject
Global
	GlobalSection(SolutionConfigurationPlatforms) = preSolution
		Debug|Any CPU = Debug|Any CPU
		Release|Any CPU = Release|Any CPU
	EndGlobalSection
	GlobalSection(ProjectConfigurationPlatforms) = postSolution
		{623F166C-EB5D-44B3-BF07-32D203F7A514}.Debug|Any CPU.ActiveCfg = Debug|Any CPU
		{623F166C-EB5D-44B3-BF07-32D203F7A514}.Debug|Any CPU.Build.0 = Debug|Any CPU
		{623F166C-EB5D-44B3-BF07-32D203F7A514}.Release|Any CPU.ActiveCfg = Release|Any CPU
		{623F166C-EB5D-44B3-BF07-32D203F7A514}.Release|Any CPU.Build.0 = Release|Any CPU
	EndGlobalSection
	GlobalSection(SolutionProperties) = preSolution
		HideSolutionNode = FALSE
	EndGlobalSection
	GlobalSection(ExtensibilityGlobals) = postSolution
		SolutionGuid = {F2626B70-EE2F-4128-990B-2CD66560DEA9}
	EndGlobalSection
EndGlobal
